{
  "name": "copilot-plugin-cc-runtime",
  "version": "0.1.1-dev",
  "lockfileVersion": 3,
  "requires": true,
  "packages": {
    "": {
      "name": "copilot-plugin-cc-runtime",
      "version": "0.1.1-dev",
      "license": "Apache-2.0",
      "engines": {
        "node": ">=20.0.0"
      },
      "optionalDependencies": {
        "@github/copilot-sdk": "1.0.11"
      }
    },
    "node_modules/@github/copilot": {
      "version": "1.0.82",
      "resolved": "https://registry.npmjs.org/@github/copilot/-/copilot-1.0.82.tgz",
      "integrity": "sha512-+mDIwBO3dCpL3k2rVLc4+1tFzqcVBTJNA/0co+okEpmCgcHjaz91Cqq7++pJKN5yJQuGC6bKangm7PSoheI1Xw==",
      "license": "SEE LICENSE IN LICENSE.md",
      "optional": true,
      "dependencies": {
        "detect-libc": "^2.1.2"
      },
      "bin": {
        "copilot": "npm-loader.js"
      },
      "optionalDependencies": {
        "@github/copilot-darwin-arm64": "1.0.82",
        "@github/copilot-darwin-x64": "1.0.82",
        "@github/copilot-linux-arm64": "1.0.82",
        "@github/copilot-linux-x64": "1.0.82",
        "@github/copilot-linuxmusl-arm64": "1.0.82",
        "@github/copilot-linuxmusl-x64": "1.0.82",
        "@github/copilot-win32-arm64": "1.0.82",
        "@github/copilot-win32-x64": "1.0.82"
      }
    },
    "node_modules/@github/copilot-darwin-arm64": {
      "version": "1.0.82",
      "resolved": "https://registry.npmjs.org/@github/copilot-darwin-arm64/-/copilot-darwin-arm64-1.0.82.tgz",
      "integrity": "sha512-UpVSFA0COmlIakAr7/6WJqJlabtKgY8y5en6La3IxGxXsLlbkGoeevSqyfXvqJyHxaGn0YGpOC1oEPL379JfCw==",
      "cpu": [
        "arm64"
      ],
      "license": "SEE LICENSE IN LICENSE.md",
      "optional": true,
      "os": [
        "darwin"
      ],
      "bin": {
        "copilot-darwin-arm64": "copilot"
      }
    },
    "node_modules/@github/copilot-darwin-x64": {
      "version": "1.0.82",
      "resolved": "https://registry.npmjs.org/@github/copilot-darwin-x64/-/copilot-darwin-x64-1.0.82.tgz",
      "integrity": "sha512-wMKbxK8fpKsbATjn9dE31Pae67H1xu6dmaCuyXpXjXLsNPVjeLFszJZ30MAOwxRWz4dmA8VvEJZmLgJekojo2Q==",
      "cpu": [
        "x64"
      ],
      "license": "SEE LICENSE IN LICENSE.md",
      "optional": true,
      "os": [
        "darwin"
      ],
      "bin": {
        "copilot-darwin-x64": "copilot"
      }
    },
    "node_modules/@github/copilot-linux-arm64": {
      "version": "1.0.82",
      "resolved": "https://registry.npmjs.org/@github/copilot-linux-arm64/-/copilot-linux-arm64-1.0.82.tgz",
      "integrity": "sha512-YDQmh0F+GzWORPmNNxQdcjHcXHxcy08dhMhbAhu4cqtMeA2sZWQqhfk9mJhHppMm9U0uR7h0KAB6nsgw/8Bsuw==",
      "cpu": [
        "arm64"
      ],
      "license": "SEE LICENSE IN LICENSE.md",
      "optional": true,
      "os": [
        "linux"
      ],
      "bin": {
        "copilot-linux-arm64": "copilot"
      }
    },
    "node_modules/@github/copilot-linux-x64": {
      "version": "1.0.82",
      "resolved": "https://registry.npmjs.org/@github/copilot-linux-x64/-/copilot-linux-x64-1.0.82.tgz",
      "integrity": "sha512-vqmG9665ktgLHAkGKMjp4uVMdHqLxi8uS9zL+g2pMwZUPoM7JxkaSfOoeyYr99caF7J6VIJTWv4LdRNQyG5jrQ==",
      "cpu": [
        "x64"
      ],
      "license": "SEE LICENSE IN LICENSE.md",
      "optional": true,
      "os": [
        "linux"
      ],
      "bin": {
        "copilot-linux-x64": "copilot"
      }
    },
    "node_modules/@github/copilot-linuxmusl-arm64": {
      "version": "1.0.82",
      "resolved": "https://registry.npmjs.org/@github/copilot-linuxmusl-arm64/-/copilot-linuxmusl-arm64-1.0.82.tgz",
      "integrity": "sha512-14dWfa4rBME55bKmF+Z8V+WzZNgPQZKFFBQX+EOiAgLVV/arQCnQ1m7wwa5oXjQeCIgkS/L9J8uM8jNm6cZbOA==",
      "cpu": [
        "arm64"
      ],
      "license": "SEE LICENSE IN LICENSE.md",
      "optional": true,
      "os": [
        "linux"
      ],
      "bin": {
        "copilot-linuxmusl-arm64": "copilot"
      }
    },
    "node_modules/@github/copilot-linuxmusl-x64": {
      "version": "1.0.82",
      "resolved": "https://registry.npmjs.org/@github/copilot-linuxmusl-x64/-/copilot-linuxmusl-x64-1.0.82.tgz",
      "integrity": "sha512-Mauqa2TBjtB8W/1KXF/jJ4MbtwnLvoEQNHYoSyoX+s+nIpttmixmYBJDwKV89ZlQRdjOCuxOgraRLQ9hjjXvNQ==",
      "cpu": [
        "x64"
      ],
      "license": "SEE LICENSE IN LICENSE.md",
      "optional": true,
      "os": [
        "linux"
      ],
      "bin": {
        "copilot-linuxmusl-x64": "copilot"
      }
    },
    "node_modules/@github/copilot-sdk": {
      "version": "1.0.11",
      "resolved": "https://registry.npmjs.org/@github/copilot-sdk/-/copilot-sdk-1.0.11.tgz",
      "integrity": "sha512-ngrnfa9052fLTOMoY0iiQS2B6pFDYJpWNj3syCdjzdje0R5mWoij9b8exJZciLvX7BbJjKz2/lIdwo24av3e3A==",
      "license": "MIT",
      "optional": true,
      "dependencies": {
        "@github/copilot": "^1.0.79",
        "koffi": "^3.1.0",
        "vscode-jsonrpc": "^8.2.1",
        "zod": "^4.3.6"
      },
      "engines": {
        "node": "^20.19.0 || >=22.12.0"
      }
    },
    "node_modules/@github/copilot-win32-arm64": {
      "version": "1.0.82",
      "resolved": "https://registry.npmjs.org/@github/copilot-win32-arm64/-/copilot-win32-arm64-1.0.82.tgz",
      "integrity": "sha512-PaW9s0GTgM+svtDkB583dZRrhLrO4o10y2ozMmQ0Hi5eB11C24UdC5U81nFlvKPED7+GlnBJIFQ+oHaxHrnp3A==",
      "cpu": [
        "arm64"
      ],
      "license": "SEE LICENSE IN LICENSE.md",
      "optional": true,
      "os": [
        "win32"
      ],
      "bin": {
        "copilot-win32-arm64": "copilot.exe"
      }
    },
    "node_modules/@github/copilot-win32-x64": {
      "version": "1.0.82",
      "resolved": "https://registry.npmjs.org/@github/copilot-win32-x64/-/copilot-win32-x64-1.0.82.tgz",
      "integrity": "sha512-m4iSROOMEPp1yRIQQwbnO0CDfwB4syESyHoeSLLFuynMR4/ApghAdyBrBQQcTKGsUu3R5rOE64RYlVmyKmuA9A==",
      "cpu": [
        "x64"
      ],
      "license": "SEE LICENSE IN LICENSE.md",
      "optional": true,
      "os": [
        "win32"
      ],
      "bin": {
        "copilot-win32-x64": "copilot.exe"
      }
    },
    "node_modules/@koromix/koffi-darwin-arm64": {
      "version": "3.1.6",
      "resolved": "https://registry.npmjs.org/@koromix/koffi-darwin-arm64/-/koffi-darwin-arm64-3.1.6.tgz",
      "integrity": "sha512-8FHyXGCZN7/iQf4f7W5BRysmtdlAFvSx6FpmX4u6wmkZiX/2e9hIRdGLiZYlHGudlcA18UmXB/cMiyhJ7fJkzA==",
      "cpu": [
        "arm64"
      ],
      "license": "MIT",
      "optional": true,
      "os": [
        "darwin"
      ],
      "funding": {
        "url": "https://liberapay.com/Koromix"
      }
    },
    "node_modules/@koromix/koffi-darwin-x64": {
      "version": "3.1.6",
      "resolved": "https://registry.npmjs.org/@koromix/koffi-darwin-x64/-/koffi-darwin-x64-3.1.6.tgz",
      "integrity": "sha512-uzx/jqFQuSHqgg1zaRidTBTCfj8Y9M0SDTO8HeoI9s9fJhiJ1mbB9TTwJO5c2hiMnuWg2m1byczC8BaIH6cG/w==",
      "cpu": [
        "x64"
      ],
      "license": "MIT",
      "optional": true,
      "os": [
        "darwin"
      ],
      "funding": {
        "url": "https://liberapay.com/Koromix"
      }
    },
    "node_modules/@koromix/koffi-freebsd-arm64": {
      "version": "3.1.6",
      "resolved": "https://registry.npmjs.org/@koromix/koffi-freebsd-arm64/-/koffi-freebsd-arm64-3.1.6.tgz",
      "integrity": "sha512-PjpTVrsCK5YTtixOw7VsseYXJOyoY6k0qBt+bf0T9h3wyV06y73rALsorFDDEoYpLUBZO7R6EIMs6CpUrEkNTQ==",
      "cpu": [
        "arm64"
      ],
      "license": "MIT",
      "optional": true,
      "os": [
        "freebsd"
      ],
      "funding": {
        "url": "https://liberapay.com/Koromix"
      }
    },
    "node_modules/@koromix/koffi-freebsd-ia32": {
      "version": "3.1.6",
      "resolved": "https://registry.npmjs.org/@koromix/koffi-freebsd-ia32/-/koffi-freebsd-ia32-3.1.6.tgz",
      "integrity": "sha512-ETYwL820HtFwYoOVzgyvmFmzTHRo9DJtGYTxa5Nb7ajaa5ldCum0jbmUJ3PMECxFTLxD5Q6PYZ8Xbp101bGeSg==",
      "cpu": [
        "ia32"
      ],
      "license": "MIT",
      "optional": true,
      "os": [
        "freebsd"
      ],
      "funding": {
        "url": "https://liberapay.com/Koromix"
      }
    },
    "node_modules/@koromix/koffi-freebsd-x64": {
      "version": "3.1.6",
      "resolved": "https://registry.npmjs.org/@koromix/koffi-freebsd-x64/-/koffi-freebsd-x64-3.1.6.tgz",
      "integrity": "sha512-BkqxkNXhAAT9toU2stvLwx1iKHPDx7h08NCICyBbjYEXkCAEr84igTkpE5V3XJ9xZZ2gKll7VvdhxorHtHUqZw==",
      "cpu": [
        "x64"
      ],
      "license": "MIT",
      "optional": true,
      "os": [
        "freebsd"
      ],
      "funding": {
        "url": "https://liberapay.com/Koromix"
      }
    },
    "node_modules/@koromix/koffi-linux-arm64": {
      "version": "3.1.6",
      "resolved": "https://registry.npmjs.org/@koromix/koffi-linux-arm64/-/koffi-linux-arm64-3.1.6.tgz",
      "integrity": "sha512-cM4XPm9ljbCrcPgXjzFYjDNxDUvvuR7TCYaEoo1AKjwZT/vmWhu2xN3pomfbsHh6aVn80SFA3enufQnaETW1rQ==",
      "cpu": [
        "arm64"
      ],
      "license": "MIT",
      "optional": true,
      "os": [
        "linux"
      ],
      "funding": {
        "url": "https://liberapay.com/Koromix"
      }
    },
    "node_modules/@koromix/koffi-linux-ia32": {
      "version": "3.1.6",
      "resolved": "https://registry.npmjs.org/@koromix/koffi-linux-ia32/-/koffi-linux-ia32-3.1.6.tgz",
      "integrity": "sha512-l1SVTpO10iaQt8slbowJpzK4fbwQZ7ufj9tmCyAcIwWUpyAbPS83mJMctU72If6N9/gCS2wuRqwnYB2uPLLhLg==",
      "cpu": [
        "ia32"
      ],
      "license": "MIT",
      "optional": true,
      "os": [
        "linux"
      ],
      "funding": {
        "url": "https://liberapay.com/Koromix"
      }
    },
    "node_modules/@koromix/koffi-linux-loong64": {
      "version": "3.1.6",
      "resolved": "https://registry.npmjs.org/@koromix/koffi-linux-loong64/-/koffi-linux-loong64-3.1.6.tgz",
      "integrity": "sha512-KpTJpMSbIdCVFU26ynt0xy4x15h+y6AwPJxj2+iVxJhCzJf4oisCPc0YH2VnutuLV2nVzSrFm7sL/WSOqPgkXw==",
      "cpu": [
        "loong64"
      ],
      "license": "MIT",
      "optional": true,
      "os": [
        "linux"
      ],
      "funding": {
        "url": "https://liberapay.com/Koromix"
      }
    },
    "node_modules/@koromix/koffi-linux-riscv64": {
      "version": "3.1.6",
      "resolved": "https://registry.npmjs.org/@koromix/koffi-linux-riscv64/-/koffi-linux-riscv64-3.1.6.tgz",
      "integrity": "sha512-YdFNpsywnXiYOYQlDAatf7TJLnspbGXdmfwIZhf82kbKSflYUsq4tI6NmoUOzM89oIWDGpYqd4Hz3xL7tsyXsw==",
      "cpu": [
        "riscv64"
      ],
      "license": "MIT",
      "optional": true,
      "os": [
        "linux"
      ],
      "funding": {
        "url": "https://liberapay.com/Koromix"
      }
    },
    "node_modules/@koromix/koffi-linux-x64": {
      "version": "3.1.6",
      "resolved": "https://registry.npmjs.org/@koromix/koffi-linux-x64/-/koffi-linux-x64-3.1.6.tgz",
      "integrity": "sha512-Xx5mpr9VcaMCXfvbqIiLIWIL9Iuu6F4r3iMXg7+zZCqYUFZPFwJgiDQBLxctHv2OYgIfAoaaHMW0GC1cJkHfbA==",
      "cpu": [
        "x64"
      ],
      "license": "MIT",
      "optional": true,
      "os": [
        "linux"
      ],
      "funding": {
        "url": "https://liberapay.com/Koromix"
      }
    },
    "node_modules/@koromix/koffi-openbsd-ia32": {
      "version": "3.1.6",
      "resolved": "https://registry.npmjs.org/@koromix/koffi-openbsd-ia32/-/koffi-openbsd-ia32-3.1.6.tgz",
      "integrity": "sha512-39Np4QTxhTlTT6RRveIeP+TnbzrwuDJ0UMyHxEZ+oGtzmb9GqWhl9T1oyehG6v/O+c4BffafG2NwLkCZ7tDKWw==",
      "cpu": [
        "ia32"
      ],
      "license": "MIT",
      "optional": true,
      "os": [
        "openbsd"
      ],
      "funding": {
        "url": "https://liberapay.com/Koromix"
      }
    },
    "node_modules/@koromix/koffi-openbsd-x64": {
      "version": "3.1.6",
      "resolved": "https://registry.npmjs.org/@koromix/koffi-openbsd-x64/-/koffi-openbsd-x64-3.1.6.tgz",
      "integrity": "sha512-3EynGn3ycQRqaMWGmUJ0tdtuQdStByqSy/tJ0ZGKWizbMGdFAE73YpgLsyd8BDvwnKWytVG/OLNb5nDHpfd9Dg==",
      "cpu": [
        "x64"
      ],
      "license": "MIT",
      "optional": true,
      "os": [
        "openbsd"
      ],
      "funding": {
        "url": "https://liberapay.com/Koromix"
      }
    },
    "node_modules/@koromix/koffi-win32-arm64": {
      "version": "3.1.6",
      "resolved": "https://registry.npmjs.org/@koromix/koffi-win32-arm64/-/koffi-win32-arm64-3.1.6.tgz",
      "integrity": "sha512-27FdPPRtT4xbO9bsd2OZa95M5YQ7bcJ8QjCRO57UUMI21REfkDegjqKwqo/CFlugxXlJf5IYtG2rq4BEYIrvxg==",
      "cpu": [
        "arm64"
      ],
      "license": "MIT",
      "optional": true,
      "os": [
        "win32"
      ],
      "funding": {
        "url": "https://liberapay.com/Koromix"
      }
    },
    "node_modules/@koromix/koffi-win32-ia32": {
      "version": "3.1.6",
      "resolved": "https://registry.npmjs.org/@koromix/koffi-win32-ia32/-/koffi-win32-ia32-3.1.6.tgz",
      "integrity": "sha512-5mVelLKVDup4eoxZOpCzCyMPxoctsg+Qe4J9O5BP4KbBEdqoOEqaNEBBRgNzXcdr2g+GGfmIUo+oVR1NvIdiJw==",
      "cpu": [
        "ia32"
      ],
      "license": "MIT",
      "optional": true,
      "os": [
        "win32"
      ],
      "funding": {
        "url": "https://liberapay.com/Koromix"
      }
    },
    "node_modules/@koromix/koffi-win32-x64": {
      "version": "3.1.6",
      "resolved": "https://registry.npmjs.org/@koromix/koffi-win32-x64/-/koffi-win32-x64-3.1.6.tgz",
      "integrity": "sha512-lPKjAaHz0aoiZXT/wDVqH+joR5y3lCZj1s9Bk5qx/DGRq+0MK8Ib8VoqiBOrJ69NG5AsJSvn0tQDcSqfRgLmBQ==",
      "cpu": [
        "x64"
      ],
      "license": "MIT",
      "optional": true,
      "os": [
        "win32"
      ],
      "funding": {
        "url": "https://liberapay.com/Koromix"
      }
    },
    "node_modules/detect-libc": {
      "version": "2.1.2",
      "resolved": "https://registry.npmjs.org/detect-libc/-/detect-libc-2.1.2.tgz",
      "integrity": "sha512-Btj2BOOO83o3WyH59e8MgXsxEQVcarkUOpEYrubB0urwnN10yQ364rsiByU11nZlqWYZm05i/of7io4mzihBtQ==",
      "license": "Apache-2.0",
      "optional": true,
      "engines": {
        "node": ">=8"
      }
    },
    "node_modules/koffi": {
      "version": "3.1.6",
      "resolved": "https://registry.npmjs.org/koffi/-/koffi-3.1.6.tgz",
      "integrity": "sha512-ln60chEb3o7Du1ayjwl6BFiNN1wZK+3cTM2wWGiHLEzCY/FdTIN1ER5VWDwHq7J/j4tSnnrHaH5ABS1EO6+6ag==",
      "hasInstallScript": true,
      "license": "MIT",
      "optional": true,
      "funding": {
        "url": "https://liberapay.com/Koromix"
      },
      "optionalDependencies": {
        "@koromix/koffi-darwin-arm64": "3.1.6",
        "@koromix/koffi-darwin-x64": "3.1.6",
        "@koromix/koffi-freebsd-arm64": "3.1.6",
        "@koromix/koffi-freebsd-ia32": "3.1.6",
        "@koromix/koffi-freebsd-x64": "3.1.6",
        "@koromix/koffi-linux-arm64": "3.1.6",
        "@koromix/koffi-linux-ia32": "3.1.6",
        "@koromix/koffi-linux-loong64": "3.1.6",
        "@koromix/koffi-linux-riscv64": "3.1.6",
        "@koromix/koffi-linux-x64": "3.1.6",
        "@koromix/koffi-openbsd-ia32": "3.1.6",
        "@koromix/koffi-openbsd-x64": "3.1.6",
        "@koromix/koffi-win32-arm64": "3.1.6",
        "@koromix/koffi-win32-ia32": "3.1.6",
        "@koromix/koffi-win32-x64": "3.1.6"
      }
    },
    "node_modules/vscode-jsonrpc": {
      "version": "8.2.1",
      "resolved": "https://registry.npmjs.org/vscode-jsonrpc/-/vscode-jsonrpc-8.2.1.tgz",
      "integrity": "sha512-kdjOSJ2lLIn7r1rtrMbbNCHjyMPfRnowdKjBQ+mGq6NAW5QY2bEZC/khaC5OR8svbbjvLEaIXkOq45e2X9BIbQ==",
      "license": "MIT",
      "optional": true,
      "engines": {
        "node": ">=14.0.0"
      }
    },
    "node_modules/zod": {
      "version": "4.5.4",
      "resolved": "https://registry.npmjs.org/zod/-/zod-4.5.4.tgz",
      "integrity": "sha512-sC95tT5iHHH9gtpj6A81kh+NEaRAUFN+qlUPDUbRfOMvNf5QCBqsb3WgvnpVtK5Y+4UfA6KqufotuTvMGiTlsA==",
      "license": "MIT",
      "optional": true,
      "funding": {
        "url": "https://github.com/sponsors/colinhacks"
      }
    }
  }
}
